{
  "requires": true,
  "lockfileVersion": 1,
  "dependencies": {
    "vue": {
      "version": "2.6.11",
      "resolved": "https://registry.npmjs.org/vue/-/vue-2.6.11.tgz",
      "integrity": "sha512-VfPwgcGABbGAue9+sfrD4PuwFar7gPb1yl1UK1MwXoQPAw0BKSqWfoYCT/ThFrdEVWoI51dBuyCoiNU9bZDZxQ==",
      "dev": true
    },
    "vue-router": {
      "version": "3.4.3",
      "resolved": "https://registry.npmjs.org/vue-router/-/vue-router-3.4.3.tgz",
      "integrity": "sha512-BADg1mjGWX18Dpmy6bOGzGNnk7B/ZA0RxuA6qedY/YJwirMfKXIDzcccmHbQI0A6k5PzMdMloc0ElHfyOoX35A=="
    },
    "vuetify": {
      "version": "2.3.9",
      "resolved": "https://registry.npmjs.org/vuetify/-/vuetify-2.3.9.tgz",
      "integrity": "sha512-E5K9flTvS21tCkHgqDBMl0BY/Rld4SLUaJpQ+sQdL8/2uPcWmWLrdumn4SI8LBFojE0UP1GSaH4zKuxLL36fYg=="
    }
  }
}
